
Microsoft Visual Studio Solution File, Format Version 12.00
# Visual Studio Version 17
VisualStudioVersion = 17.0.31903.59
MinimumVisualStudioVersion = 10.0.40219.1
Project("{2150E333-8FDC-42A3-9474-1A3956D46DE8}") = "src", "src", "{827E0CD3-B72D-47B6-A68D-7590B98EB39B}"
EndProject
Project("{FAE04EC0-301F-11D3-BF4B-00C04F79EFBC}") = "DentFlow.API", "src\DentFlow.API\DentFlow.API.csproj", "{D6AC6B3A-39D6-4395-B27F-7F5AD4422208}"
EndProject
Project("{FAE04EC0-301F-11D3-BF4B-00C04F79EFBC}") = "DentFlow.Application", "src\DentFlow.Application\DentFlow.Application.csproj", "{0CB0DAE4-AE76-4718-80BF-A9915DAB2593}"
EndProject
Project("{FAE04EC0-301F-11D3-BF4B-00C04F79EFBC}") = "DentFlow.Domain", "src\DentFlow.Domain\DentFlow.Domain.csproj", "{CB9FE0BB-A03C-4EA4-893E-E4D6346C4746}"
EndProject
Project("{FAE04EC0-301F-11D3-BF4B-00C04F79EFBC}") = "DentFlow.Infrastructure", "src\DentFlow.Infrastructure\DentFlow.Infrastructure.csproj", "{726BC2D9-3BA1-4692-A729-AEF8FE3FDE4F}"
EndProject
Project("{2150E333-8FDC-42A3-9474-1A3956D46DE8}") = "Modules", "Modules", "{EC447DCF-ABFA-6E24-52A5-D7FD48A5C558}"
EndProject
Project("{FAE04EC0-301F-11D3-BF4B-00C04F79EFBC}") = "DentFlow.Tenants", "src\Modules\DentFlow.Tenants\DentFlow.Tenants.csproj", "{5A9B7E5B-18B6-44A1-A6F0-608141BD62D4}"
EndProject
Project("{FAE04EC0-301F-11D3-BF4B-00C04F79EFBC}") = "DentFlow.Identity", "src\Modules\DentFlow.Identity\DentFlow.Identity.csproj", "{758B8D96-A014-4E6E-A54A-0D5D65BB7EC2}"
EndProject
Project("{FAE04EC0-301F-11D3-BF4B-00C04F79EFBC}") = "DentFlow.Staff", "src\Modules\DentFlow.Staff\DentFlow.Staff.csproj", "{22335ABC-1A12-4D39-BE19-6A2F9CCD2DA6}"
EndProject
Project("{FAE04EC0-301F-11D3-BF4B-00C04F79EFBC}") = "DentFlow.Patients", "src\Modules\DentFlow.Patients\DentFlow.Patients.csproj", "{21A454BF-3A82-4235-BD11-A459B90E0E05}"
EndProject
Project("{FAE04EC0-301F-11D3-BF4B-00C04F79EFBC}") = "DentFlow.Appointments", "src\Modules\DentFlow.Appointments\DentFlow.Appointments.csproj", "{D96F83AA-41A0-4A98-8438-DD2F39654B73}"
EndProject
Project("{FAE04EC0-301F-11D3-BF4B-00C04F79EFBC}") = "DentFlow.Treatments", "src\Modules\DentFlow.Treatments\DentFlow.Treatments.csproj", "{72C50501-82E6-4F14-8A7B-33FA17C663C4}"
EndProject
Project("{FAE04EC0-301F-11D3-BF4B-00C04F79EFBC}") = "DentFlow.Billing", "src\Modules\DentFlow.Billing\DentFlow.Billing.csproj", "{920DA009-7A8C-4AA0-806E-BDB4630431F9}"
EndProject
Project("{FAE04EC0-301F-11D3-BF4B-00C04F79EFBC}") = "DentFlow.Notifications", "src\Modules\DentFlow.Notifications\DentFlow.Notifications.csproj", "{F64F4C9B-FC1D-42FE-A1D3-04B1612EDE68}"
EndProject
Project("{FAE04EC0-301F-11D3-BF4B-00C04F79EFBC}") = "DentFlow.Documents", "src\Modules\DentFlow.Documents\DentFlow.Documents.csproj", "{8FF9950F-C1C6-4AB1-9471-DBC78C24CD3B}"
EndProject
Project("{FAE04EC0-301F-11D3-BF4B-00C04F79EFBC}") = "DentFlow.Reporting", "src\Modules\DentFlow.Reporting\DentFlow.Reporting.csproj", "{47C22DC0-D039-4B3F-893B-AAC209819438}"
EndProject
Project("{2150E333-8FDC-42A3-9474-1A3956D46DE8}") = "tests", "tests", "{0AB3BF05-4346-4AA6-1389-037BE0695223}"
EndProject
Project("{FAE04EC0-301F-11D3-BF4B-00C04F79EFBC}") = "DentFlow.Identity.Tests", "tests\DentFlow.Identity.Tests\DentFlow.Identity.Tests.csproj", "{37E4010F-0573-4ED9-A256-41A6B08B38C4}"
EndProject
Project("{FAE04EC0-301F-11D3-BF4B-00C04F79EFBC}") = "DentFlow.Tenants.Tests", "tests\DentFlow.Tenants.Tests\DentFlow.Tenants.Tests.csproj", "{B5C6807D-9F5F-4B90-A9E7-ABB310572216}"
EndProject
Project("{FAE04EC0-301F-11D3-BF4B-00C04F79EFBC}") = "DentFlow.Staff.Tests", "tests\DentFlow.Staff.Tests\DentFlow.Staff.Tests.csproj", "{704F5590-A478-43B7-BB65-5322D73947CA}"
EndProject
Project("{FAE04EC0-301F-11D3-BF4B-00C04F79EFBC}") = "DentFlow.Patients.Tests", "tests\DentFlow.Patients.Tests\DentFlow.Patients.Tests.csproj", "{16B29EA6-1C54-4076-9A71-D50EA4C2C267}"
EndProject
Project("{FAE04EC0-301F-11D3-BF4B-00C04F79EFBC}") = "DentFlow.Appointments.Tests", "tests\DentFlow.Appointments.Tests\DentFlow.Appointments.Tests.csproj", "{127D16E8-4684-4893-8207-44474CBF747F}"
EndProject
Global
	GlobalSection(SolutionConfigurationPlatforms) = preSolution
		Debug|Any CPU = Debug|Any CPU
		Debug|x64 = Debug|x64
		Debug|x86 = Debug|x86
		Release|Any CPU = Release|Any CPU
		Release|x64 = Release|x64
		Release|x86 = Release|x86
	EndGlobalSection
	GlobalSection(ProjectConfigurationPlatforms) = postSolution
		{D6AC6B3A-39D6-4395-B27F-7F5AD4422208}.Debug|Any CPU.ActiveCfg = Debug|Any CPU
		{D6AC6B3A-39D6-4395-B27F-7F5AD4422208}.Debug|Any CPU.Build.0 = Debug|Any CPU
		{D6AC6B3A-39D6-4395-B27F-7F5AD4422208}.Debug|x64.ActiveCfg = Debug|Any CPU
		{D6AC6B3A-39D6-4395-B27F-7F5AD4422208}.Debug|x64.Build.0 = Debug|Any CPU
		{D6AC6B3A-39D6-4395-B27F-7F5AD4422208}.Debug|x86.ActiveCfg = Debug|Any CPU
		{D6AC6B3A-39D6-4395-B27F-7F5AD4422208}.Debug|x86.Build.0 = Debug|Any CPU
		{D6AC6B3A-39D6-4395-B27F-7F5AD4422208}.Release|Any CPU.ActiveCfg = Release|Any CPU
		{D6AC6B3A-39D6-4395-B27F-7F5AD4422208}.Release|Any CPU.Build.0 = Release|Any CPU
		{D6AC6B3A-39D6-4395-B27F-7F5AD4422208}.Release|x64.ActiveCfg = Release|Any CPU
		{D6AC6B3A-39D6-4395-B27F-7F5AD4422208}.Release|x64.Build.0 = Release|Any CPU
		{D6AC6B3A-39D6-4395-B27F-7F5AD4422208}.Release|x86.ActiveCfg = Release|Any CPU
		{D6AC6B3A-39D6-4395-B27F-7F5AD4422208}.Release|x86.Build.0 = Release|Any CPU
		{0CB0DAE4-AE76-4718-80BF-A9915DAB2593}.Debug|Any CPU.ActiveCfg = Debug|Any CPU
		{0CB0DAE4-AE76-4718-80BF-A9915DAB2593}.Debug|Any CPU.Build.0 = Debug|Any CPU
		{0CB0DAE4-AE76-4718-80BF-A9915DAB2593}.Debug|x64.ActiveCfg = Debug|Any CPU
		{0CB0DAE4-AE76-4718-80BF-A9915DAB2593}.Debug|x64.Build.0 = Debug|Any CPU
		{0CB0DAE4-AE76-4718-80BF-A9915DAB2593}.Debug|x86.ActiveCfg = Debug|Any CPU
		{0CB0DAE4-AE76-4718-80BF-A9915DAB2593}.Debug|x86.Build.0 = Debug|Any CPU
		{0CB0DAE4-AE76-4718-80BF-A9915DAB2593}.Release|Any CPU.ActiveCfg = Release|Any CPU
		{0CB0DAE4-AE76-4718-80BF-A9915DAB2593}.Release|Any CPU.Build.0 = Release|Any CPU
		{0CB0DAE4-AE76-4718-80BF-A9915DAB2593}.Release|x64.ActiveCfg = Release|Any CPU
		{0CB0DAE4-AE76-4718-80BF-A9915DAB2593}.Release|x64.Build.0 = Release|Any CPU
		{0CB0DAE4-AE76-4718-80BF-A9915DAB2593}.Release|x86.ActiveCfg = Release|Any CPU
		{0CB0DAE4-AE76-4718-80BF-A9915DAB2593}.Release|x86.Build.0 = Release|Any CPU
		{CB9FE0BB-A03C-4EA4-893E-E4D6346C4746}.Debug|Any CPU.ActiveCfg = Debug|Any CPU
		{CB9FE0BB-A03C-4EA4-893E-E4D6346C4746}.Debug|Any CPU.Build.0 = Debug|Any CPU
		{CB9FE0BB-A03C-4EA4-893E-E4D6346C4746}.Debug|x64.ActiveCfg = Debug|Any CPU
		{CB9FE0BB-A03C-4EA4-893E-E4D6346C4746}.Debug|x64.Build.0 = Debug|Any CPU
		{CB9FE0BB-A03C-4EA4-893E-E4D6346C4746}.Debug|x86.ActiveCfg = Debug|Any CPU
		{CB9FE0BB-A03C-4EA4-893E-E4D6346C4746}.Debug|x86.Build.0 = Debug|Any CPU
		{CB9FE0BB-A03C-4EA4-893E-E4D6346C4746}.Release|Any CPU.ActiveCfg = Release|Any CPU
		{CB9FE0BB-A03C-4EA4-893E-E4D6346C4746}.Release|Any CPU.Build.0 = Release|Any CPU
		{CB9FE0BB-A03C-4EA4-893E-E4D6346C4746}.Release|x64.ActiveCfg = Release|Any CPU
		{CB9FE0BB-A03C-4EA4-893E-E4D6346C4746}.Release|x64.Build.0 = Release|Any CPU
		{CB9FE0BB-A03C-4EA4-893E-E4D6346C4746}.Release|x86.ActiveCfg = Release|Any CPU
		{CB9FE0BB-A03C-4EA4-893E-E4D6346C4746}.Release|x86.Build.0 = Release|Any CPU
		{726BC2D9-3BA1-4692-A729-AEF8FE3FDE4F}.Debug|Any CPU.ActiveCfg = Debug|Any CPU
		{726BC2D9-3BA1-4692-A729-AEF8FE3FDE4F}.Debug|Any CPU.Build.0 = Debug|Any CPU
		{726BC2D9-3BA1-4692-A729-AEF8FE3FDE4F}.Debug|x64.ActiveCfg = Debug|Any CPU
		{726BC2D9-3BA1-4692-A729-AEF8FE3FDE4F}.Debug|x64.Build.0 = Debug|Any CPU
		{726BC2D9-3BA1-4692-A729-AEF8FE3FDE4F}.Debug|x86.ActiveCfg = Debug|Any CPU
		{726BC2D9-3BA1-4692-A729-AEF8FE3FDE4F}.Debug|x86.Build.0 = Debug|Any CPU
		{726BC2D9-3BA1-4692-A729-AEF8FE3FDE4F}.Release|Any CPU.ActiveCfg = Release|Any CPU
		{726BC2D9-3BA1-4692-A729-AEF8FE3FDE4F}.Release|Any CPU.Build.0 = Release|Any CPU
		{726BC2D9-3BA1-4692-A729-AEF8FE3FDE4F}.Release|x64.ActiveCfg = Release|Any CPU
		{726BC2D9-3BA1-4692-A729-AEF8FE3FDE4F}.Release|x64.Build.0 = Release|Any CPU
		{726BC2D9-3BA1-4692-A729-AEF8FE3FDE4F}.Release|x86.ActiveCfg = Release|Any CPU
		{726BC2D9-3BA1-4692-A729-AEF8FE3FDE4F}.Release|x86.Build.0 = Release|Any CPU
		{5A9B7E5B-18B6-44A1-A6F0-608141BD62D4}.Debug|Any CPU.ActiveCfg = Debug|Any CPU
		{5A9B7E5B-18B6-44A1-A6F0-608141BD62D4}.Debug|Any CPU.Build.0 = Debug|Any CPU
		{5A9B7E5B-18B6-44A1-A6F0-608141BD62D4}.Debug|x64.ActiveCfg = Debug|Any CPU
		{5A9B7E5B-18B6-44A1-A6F0-608141BD62D4}.Debug|x64.Build.0 = Debug|Any CPU
		{5A9B7E5B-18B6-44A1-A6F0-608141BD62D4}.Debug|x86.ActiveCfg = Debug|Any CPU
		{5A9B7E5B-18B6-44A1-A6F0-608141BD62D4}.Debug|x86.Build.0 = Debug|Any CPU
		{5A9B7E5B-18B6-44A1-A6F0-608141BD62D4}.Release|Any CPU.ActiveCfg = Release|Any CPU
		{5A9B7E5B-18B6-44A1-A6F0-608141BD62D4}.Release|Any CPU.Build.0 = Release|Any CPU
		{5A9B7E5B-18B6-44A1-A6F0-608141BD62D4}.Release|x64.ActiveCfg = Release|Any CPU
		{5A9B7E5B-18B6-44A1-A6F0-608141BD62D4}.Release|x64.Build.0 = Release|Any CPU
		{5A9B7E5B-18B6-44A1-A6F0-608141BD62D4}.Release|x86.ActiveCfg = Release|Any CPU
		{5A9B7E5B-18B6-44A1-A6F0-608141BD62D4}.Release|x86.Build.0 = Release|Any CPU
		{758B8D96-A014-4E6E-A54A-0D5D65BB7EC2}.Debug|Any CPU.ActiveCfg = Debug|Any CPU
		{758B8D96-A014-4E6E-A54A-0D5D65BB7EC2}.Debug|Any CPU.Build.0 = Debug|Any CPU
		{758B8D96-A014-4E6E-A54A-0D5D65BB7EC2}.Debug|x64.ActiveCfg = Debug|Any CPU
		{758B8D96-A014-4E6E-A54A-0D5D65BB7EC2}.Debug|x64.Build.0 = Debug|Any CPU
		{758B8D96-A014-4E6E-A54A-0D5D65BB7EC2}.Debug|x86.ActiveCfg = Debug|Any CPU
		{758B8D96-A014-4E6E-A54A-0D5D65BB7EC2}.Debug|x86.Build.0 = Debug|Any CPU
		{758B8D96-A014-4E6E-A54A-0D5D65BB7EC2}.Release|Any CPU.ActiveCfg = Release|Any CPU
		{758B8D96-A014-4E6E-A54A-0D5D65BB7EC2}.Release|Any CPU.Build.0 = Release|Any CPU
		{758B8D96-A014-4E6E-A54A-0D5D65BB7EC2}.Release|x64.ActiveCfg = Release|Any CPU
		{758B8D96-A014-4E6E-A54A-0D5D65BB7EC2}.Release|x64.Build.0 = Release|Any CPU
		{758B8D96-A014-4E6E-A54A-0D5D65BB7EC2}.Release|x86.ActiveCfg = Release|Any CPU
		{758B8D96-A014-4E6E-A54A-0D5D65BB7EC2}.Release|x86.Build.0 = Release|Any CPU
		{22335ABC-1A12-4D39-BE19-6A2F9CCD2DA6}.Debug|Any CPU.ActiveCfg = Debug|Any CPU
		{22335ABC-1A12-4D39-BE19-6A2F9CCD2DA6}.Debug|Any CPU.Build.0 = Debug|Any CPU
		{22335ABC-1A12-4D39-BE19-6A2F9CCD2DA6}.Debug|x64.ActiveCfg = Debug|Any CPU
		{22335ABC-1A12-4D39-BE19-6A2F9CCD2DA6}.Debug|x64.Build.0 = Debug|Any CPU
		{22335ABC-1A12-4D39-BE19-6A2F9CCD2DA6}.Debug|x86.ActiveCfg = Debug|Any CPU
		{22335ABC-1A12-4D39-BE19-6A2F9CCD2DA6}.Debug|x86.Build.0 = Debug|Any CPU
		{22335ABC-1A12-4D39-BE19-6A2F9CCD2DA6}.Release|Any CPU.ActiveCfg = Release|Any CPU
		{22335ABC-1A12-4D39-BE19-6A2F9CCD2DA6}.Release|Any CPU.Build.0 = Release|Any CPU
		{22335ABC-1A12-4D39-BE19-6A2F9CCD2DA6}.Release|x64.ActiveCfg = Release|Any CPU
		{22335ABC-1A12-4D39-BE19-6A2F9CCD2DA6}.Release|x64.Build.0 = Release|Any CPU
		{22335ABC-1A12-4D39-BE19-6A2F9CCD2DA6}.Release|x86.ActiveCfg = Release|Any CPU
		{22335ABC-1A12-4D39-BE19-6A2F9CCD2DA6}.Release|x86.Build.0 = Release|Any CPU
		{21A454BF-3A82-4235-BD11-A459B90E0E05}.Debug|Any CPU.ActiveCfg = Debug|Any CPU
		{21A454BF-3A82-4235-BD11-A459B90E0E05}.Debug|Any CPU.Build.0 = Debug|Any CPU
		{21A454BF-3A82-4235-BD11-A459B90E0E05}.Debug|x64.ActiveCfg = Debug|Any CPU
		{21A454BF-3A82-4235-BD11-A459B90E0E05}.Debug|x64.Build.0 = Debug|Any CPU
		{21A454BF-3A82-4235-BD11-A459B90E0E05}.Debug|x86.ActiveCfg = Debug|Any CPU
		{21A454BF-3A82-4235-BD11-A459B90E0E05}.Debug|x86.Build.0 = Debug|Any CPU
		{21A454BF-3A82-4235-BD11-A459B90E0E05}.Release|Any CPU.ActiveCfg = Release|Any CPU
		{21A454BF-3A82-4235-BD11-A459B90E0E05}.Release|Any CPU.Build.0 = Release|Any CPU
		{21A454BF-3A82-4235-BD11-A459B90E0E05}.Release|x64.ActiveCfg = Release|Any CPU
		{21A454BF-3A82-4235-BD11-A459B90E0E05}.Release|x64.Build.0 = Release|Any CPU
		{21A454BF-3A82-4235-BD11-A459B90E0E05}.Release|x86.ActiveCfg = Release|Any CPU
		{21A454BF-3A82-4235-BD11-A459B90E0E05}.Release|x86.Build.0 = Release|Any CPU
		{D96F83AA-41A0-4A98-8438-DD2F39654B73}.Debug|Any CPU.ActiveCfg = Debug|Any CPU
		{D96F83AA-41A0-4A98-8438-DD2F39654B73}.Debug|Any CPU.Build.0 = Debug|Any CPU
		{D96F83AA-41A0-4A98-8438-DD2F39654B73}.Debug|x64.ActiveCfg = Debug|Any CPU
		{D96F83AA-41A0-4A98-8438-DD2F39654B73}.Debug|x64.Build.0 = Debug|Any CPU
		{D96F83AA-41A0-4A98-8438-DD2F39654B73}.Debug|x86.ActiveCfg = Debug|Any CPU
		{D96F83AA-41A0-4A98-8438-DD2F39654B73}.Debug|x86.Build.0 = Debug|Any CPU
		{D96F83AA-41A0-4A98-8438-DD2F39654B73}.Release|Any CPU.ActiveCfg = Release|Any CPU
		{D96F83AA-41A0-4A98-8438-DD2F39654B73}.Release|Any CPU.Build.0 = Release|Any CPU
		{D96F83AA-41A0-4A98-8438-DD2F39654B73}.Release|x64.ActiveCfg = Release|Any CPU
		{D96F83AA-41A0-4A98-8438-DD2F39654B73}.Release|x64.Build.0 = Release|Any CPU
		{D96F83AA-41A0-4A98-8438-DD2F39654B73}.Release|x86.ActiveCfg = Release|Any CPU
		{D96F83AA-41A0-4A98-8438-DD2F39654B73}.Release|x86.Build.0 = Release|Any CPU
		{72C50501-82E6-4F14-8A7B-33FA17C663C4}.Debug|Any CPU.ActiveCfg = Debug|Any CPU
		{72C50501-82E6-4F14-8A7B-33FA17C663C4}.Debug|Any CPU.Build.0 = Debug|Any CPU
		{72C50501-82E6-4F14-8A7B-33FA17C663C4}.Debug|x64.ActiveCfg = Debug|Any CPU
		{72C50501-82E6-4F14-8A7B-33FA17C663C4}.Debug|x64.Build.0 = Debug|Any CPU
		{72C50501-82E6-4F14-8A7B-33FA17C663C4}.Debug|x86.ActiveCfg = Debug|Any CPU
		{72C50501-82E6-4F14-8A7B-33FA17C663C4}.Debug|x86.Build.0 = Debug|Any CPU
		{72C50501-82E6-4F14-8A7B-33FA17C663C4}.Release|Any CPU.ActiveCfg = Release|Any CPU
		{72C50501-82E6-4F14-8A7B-33FA17C663C4}.Release|Any CPU.Build.0 = Release|Any CPU
		{72C50501-82E6-4F14-8A7B-33FA17C663C4}.Release|x64.ActiveCfg = Release|Any CPU
		{72C50501-82E6-4F14-8A7B-33FA17C663C4}.Release|x64.Build.0 = Release|Any CPU
		{72C50501-82E6-4F14-8A7B-33FA17C663C4}.Release|x86.ActiveCfg = Release|Any CPU
		{72C50501-82E6-4F14-8A7B-33FA17C663C4}.Release|x86.Build.0 = Release|Any CPU
		{920DA009-7A8C-4AA0-806E-BDB4630431F9}.Debug|Any CPU.ActiveCfg = Debug|Any CPU
		{920DA009-7A8C-4AA0-806E-BDB4630431F9}.Debug|Any CPU.Build.0 = Debug|Any CPU
		{920DA009-7A8C-4AA0-806E-BDB4630431F9}.Debug|x64.ActiveCfg = Debug|Any CPU
		{920DA009-7A8C-4AA0-806E-BDB4630431F9}.Debug|x64.Build.0 = Debug|Any CPU
		{920DA009-7A8C-4AA0-806E-BDB4630431F9}.Debug|x86.ActiveCfg = Debug|Any CPU
		{920DA009-7A8C-4AA0-806E-BDB4630431F9}.Debug|x86.Build.0 = Debug|Any CPU
		{920DA009-7A8C-4AA0-806E-BDB4630431F9}.Release|Any CPU.ActiveCfg = Release|Any CPU
		{920DA009-7A8C-4AA0-806E-BDB4630431F9}.Release|Any CPU.Build.0 = Release|Any CPU
		{920DA009-7A8C-4AA0-806E-BDB4630431F9}.Release|x64.ActiveCfg = Release|Any CPU
		{920DA009-7A8C-4AA0-806E-BDB4630431F9}.Release|x64.Build.0 = Release|Any CPU
		{920DA009-7A8C-4AA0-806E-BDB4630431F9}.Release|x86.ActiveCfg = Release|Any CPU
		{920DA009-7A8C-4AA0-806E-BDB4630431F9}.Release|x86.Build.0 = Release|Any CPU
		{F64F4C9B-FC1D-42FE-A1D3-04B1612EDE68}.Debug|Any CPU.ActiveCfg = Debug|Any CPU
		{F64F4C9B-FC1D-42FE-A1D3-04B1612EDE68}.Debug|Any CPU.Build.0 = Debug|Any CPU
		{F64F4C9B-FC1D-42FE-A1D3-04B1612EDE68}.Debug|x64.ActiveCfg = Debug|Any CPU
		{F64F4C9B-FC1D-42FE-A1D3-04B1612EDE68}.Debug|x64.Build.0 = Debug|Any CPU
		{F64F4C9B-FC1D-42FE-A1D3-04B1612EDE68}.Debug|x86.ActiveCfg = Debug|Any CPU
		{F64F4C9B-FC1D-42FE-A1D3-04B1612EDE68}.Debug|x86.Build.0 = Debug|Any CPU
		{F64F4C9B-FC1D-42FE-A1D3-04B1612EDE68}.Release|Any CPU.ActiveCfg = Release|Any CPU
		{F64F4C9B-FC1D-42FE-A1D3-04B1612EDE68}.Release|Any CPU.Build.0 = Release|Any CPU
		{F64F4C9B-FC1D-42FE-A1D3-04B1612EDE68}.Release|x64.ActiveCfg = Release|Any CPU
		{F64F4C9B-FC1D-42FE-A1D3-04B1612EDE68}.Release|x64.Build.0 = Release|Any CPU
		{F64F4C9B-FC1D-42FE-A1D3-04B1612EDE68}.Release|x86.ActiveCfg = Release|Any CPU
		{F64F4C9B-FC1D-42FE-A1D3-04B1612EDE68}.Release|x86.Build.0 = Release|Any CPU
		{8FF9950F-C1C6-4AB1-9471-DBC78C24CD3B}.Debug|Any CPU.ActiveCfg = Debug|Any CPU
		{8FF9950F-C1C6-4AB1-9471-DBC78C24CD3B}.Debug|Any CPU.Build.0 = Debug|Any CPU
		{8FF9950F-C1C6-4AB1-9471-DBC78C24CD3B}.Debug|x64.ActiveCfg = Debug|Any CPU
		{8FF9950F-C1C6-4AB1-9471-DBC78C24CD3B}.Debug|x64.Build.0 = Debug|Any CPU
		{8FF9950F-C1C6-4AB1-9471-DBC78C24CD3B}.Debug|x86.ActiveCfg = Debug|Any CPU
		{8FF9950F-C1C6-4AB1-9471-DBC78C24CD3B}.Debug|x86.Build.0 = Debug|Any CPU
		{8FF9950F-C1C6-4AB1-9471-DBC78C24CD3B}.Release|Any CPU.ActiveCfg = Release|Any CPU
		{8FF9950F-C1C6-4AB1-9471-DBC78C24CD3B}.Release|Any CPU.Build.0 = Release|Any CPU
		{8FF9950F-C1C6-4AB1-9471-DBC78C24CD3B}.Release|x64.ActiveCfg = Release|Any CPU
		{8FF9950F-C1C6-4AB1-9471-DBC78C24CD3B}.Release|x64.Build.0 = Release|Any CPU
		{8FF9950F-C1C6-4AB1-9471-DBC78C24CD3B}.Release|x86.ActiveCfg = Release|Any CPU
		{8FF9950F-C1C6-4AB1-9471-DBC78C24CD3B}.Release|x86.Build.0 = Release|Any CPU
		{47C22DC0-D039-4B3F-893B-AAC209819438}.Debug|Any CPU.ActiveCfg = Debug|Any CPU
		{47C22DC0-D039-4B3F-893B-AAC209819438}.Debug|Any CPU.Build.0 = Debug|Any CPU
		{47C22DC0-D039-4B3F-893B-AAC209819438}.Debug|x64.ActiveCfg = Debug|Any CPU
		{47C22DC0-D039-4B3F-893B-AAC209819438}.Debug|x64.Build.0 = Debug|Any CPU
		{47C22DC0-D039-4B3F-893B-AAC209819438}.Debug|x86.ActiveCfg = Debug|Any CPU
		{47C22DC0-D039-4B3F-893B-AAC209819438}.Debug|x86.Build.0 = Debug|Any CPU
		{47C22DC0-D039-4B3F-893B-AAC209819438}.Release|Any CPU.ActiveCfg = Release|Any CPU
		{47C22DC0-D039-4B3F-893B-AAC209819438}.Release|Any CPU.Build.0 = Release|Any CPU
		{47C22DC0-D039-4B3F-893B-AAC209819438}.Release|x64.ActiveCfg = Release|Any CPU
		{47C22DC0-D039-4B3F-893B-AAC209819438}.Release|x64.Build.0 = Release|Any CPU
		{47C22DC0-D039-4B3F-893B-AAC209819438}.Release|x86.ActiveCfg = Release|Any CPU
		{47C22DC0-D039-4B3F-893B-AAC209819438}.Release|x86.Build.0 = Release|Any CPU
		{37E4010F-0573-4ED9-A256-41A6B08B38C4}.Debug|Any CPU.ActiveCfg = Debug|Any CPU
		{37E4010F-0573-4ED9-A256-41A6B08B38C4}.Debug|Any CPU.Build.0 = Debug|Any CPU
		{37E4010F-0573-4ED9-A256-41A6B08B38C4}.Debug|x64.ActiveCfg = Debug|Any CPU
		{37E4010F-0573-4ED9-A256-41A6B08B38C4}.Debug|x64.Build.0 = Debug|Any CPU
		{37E4010F-0573-4ED9-A256-41A6B08B38C4}.Debug|x86.ActiveCfg = Debug|Any CPU
		{37E4010F-0573-4ED9-A256-41A6B08B38C4}.Debug|x86.Build.0 = Debug|Any CPU
		{37E4010F-0573-4ED9-A256-41A6B08B38C4}.Release|Any CPU.ActiveCfg = Release|Any CPU
		{37E4010F-0573-4ED9-A256-41A6B08B38C4}.Release|Any CPU.Build.0 = Release|Any CPU
		{37E4010F-0573-4ED9-A256-41A6B08B38C4}.Release|x64.ActiveCfg = Release|Any CPU
		{37E4010F-0573-4ED9-A256-41A6B08B38C4}.Release|x64.Build.0 = Release|Any CPU
		{37E4010F-0573-4ED9-A256-41A6B08B38C4}.Release|x86.ActiveCfg = Release|Any CPU
		{37E4010F-0573-4ED9-A256-41A6B08B38C4}.Release|x86.Build.0 = Release|Any CPU
		{B5C6807D-9F5F-4B90-A9E7-ABB310572216}.Debug|Any CPU.ActiveCfg = Debug|Any CPU
		{B5C6807D-9F5F-4B90-A9E7-ABB310572216}.Debug|Any CPU.Build.0 = Debug|Any CPU
		{B5C6807D-9F5F-4B90-A9E7-ABB310572216}.Debug|x64.ActiveCfg = Debug|Any CPU
		{B5C6807D-9F5F-4B90-A9E7-ABB310572216}.Debug|x64.Build.0 = Debug|Any CPU
		{B5C6807D-9F5F-4B90-A9E7-ABB310572216}.Debug|x86.ActiveCfg = Debug|Any CPU
		{B5C6807D-9F5F-4B90-A9E7-ABB310572216}.Debug|x86.Build.0 = Debug|Any CPU
		{B5C6807D-9F5F-4B90-A9E7-ABB310572216}.Release|Any CPU.ActiveCfg = Release|Any CPU
		{B5C6807D-9F5F-4B90-A9E7-ABB310572216}.Release|Any CPU.Build.0 = Release|Any CPU
		{B5C6807D-9F5F-4B90-A9E7-ABB310572216}.Release|x64.ActiveCfg = Release|Any CPU
		{B5C6807D-9F5F-4B90-A9E7-ABB310572216}.Release|x64.Build.0 = Release|Any CPU
		{B5C6807D-9F5F-4B90-A9E7-ABB310572216}.Release|x86.ActiveCfg = Release|Any CPU
		{B5C6807D-9F5F-4B90-A9E7-ABB310572216}.Release|x86.Build.0 = Release|Any CPU
		{704F5590-A478-43B7-BB65-5322D73947CA}.Debug|Any CPU.ActiveCfg = Debug|Any CPU
		{704F5590-A478-43B7-BB65-5322D73947CA}.Debug|Any CPU.Build.0 = Debug|Any CPU
		{704F5590-A478-43B7-BB65-5322D73947CA}.Debug|x64.ActiveCfg = Debug|Any CPU
		{704F5590-A478-43B7-BB65-5322D73947CA}.Debug|x64.Build.0 = Debug|Any CPU
		{704F5590-A478-43B7-BB65-5322D73947CA}.Debug|x86.ActiveCfg = Debug|Any CPU
		{704F5590-A478-43B7-BB65-5322D73947CA}.Debug|x86.Build.0 = Debug|Any CPU
		{704F5590-A478-43B7-BB65-5322D73947CA}.Release|Any CPU.ActiveCfg = Release|Any CPU
		{704F5590-A478-43B7-BB65-5322D73947CA}.Release|Any CPU.Build.0 = Release|Any CPU
		{704F5590-A478-43B7-BB65-5322D73947CA}.Release|x64.ActiveCfg = Release|Any CPU
		{704F5590-A478-43B7-BB65-5322D73947CA}.Release|x64.Build.0 = Release|Any CPU
		{704F5590-A478-43B7-BB65-5322D73947CA}.Release|x86.ActiveCfg = Release|Any CPU
		{704F5590-A478-43B7-BB65-5322D73947CA}.Release|x86.Build.0 = Release|Any CPU
		{16B29EA6-1C54-4076-9A71-D50EA4C2C267}.Debug|Any CPU.ActiveCfg = Debug|Any CPU
		{16B29EA6-1C54-4076-9A71-D50EA4C2C267}.Debug|Any CPU.Build.0 = Debug|Any CPU
		{16B29EA6-1C54-4076-9A71-D50EA4C2C267}.Debug|x64.ActiveCfg = Debug|Any CPU
		{16B29EA6-1C54-4076-9A71-D50EA4C2C267}.Debug|x64.Build.0 = Debug|Any CPU
		{16B29EA6-1C54-4076-9A71-D50EA4C2C267}.Debug|x86.ActiveCfg = Debug|Any CPU
		{16B29EA6-1C54-4076-9A71-D50EA4C2C267}.Debug|x86.Build.0 = Debug|Any CPU
		{16B29EA6-1C54-4076-9A71-D50EA4C2C267}.Release|Any CPU.ActiveCfg = Release|Any CPU
		{16B29EA6-1C54-4076-9A71-D50EA4C2C267}.Release|Any CPU.Build.0 = Release|Any CPU
		{16B29EA6-1C54-4076-9A71-D50EA4C2C267}.Release|x64.ActiveCfg = Release|Any CPU
		{16B29EA6-1C54-4076-9A71-D50EA4C2C267}.Release|x64.Build.0 = Release|Any CPU
		{16B29EA6-1C54-4076-9A71-D50EA4C2C267}.Release|x86.ActiveCfg = Release|Any CPU
		{16B29EA6-1C54-4076-9A71-D50EA4C2C267}.Release|x86.Build.0 = Release|Any CPU
		{127D16E8-4684-4893-8207-44474CBF747F}.Debug|Any CPU.ActiveCfg = Debug|Any CPU
		{127D16E8-4684-4893-8207-44474CBF747F}.Debug|Any CPU.Build.0 = Debug|Any CPU
		{127D16E8-4684-4893-8207-44474CBF747F}.Debug|x64.ActiveCfg = Debug|Any CPU
		{127D16E8-4684-4893-8207-44474CBF747F}.Debug|x64.Build.0 = Debug|Any CPU
		{127D16E8-4684-4893-8207-44474CBF747F}.Debug|x86.ActiveCfg = Debug|Any CPU
		{127D16E8-4684-4893-8207-44474CBF747F}.Debug|x86.Build.0 = Debug|Any CPU
		{127D16E8-4684-4893-8207-44474CBF747F}.Release|Any CPU.ActiveCfg = Release|Any CPU
		{127D16E8-4684-4893-8207-44474CBF747F}.Release|Any CPU.Build.0 = Release|Any CPU
		{127D16E8-4684-4893-8207-44474CBF747F}.Release|x64.ActiveCfg = Release|Any CPU
		{127D16E8-4684-4893-8207-44474CBF747F}.Release|x64.Build.0 = Release|Any CPU
		{127D16E8-4684-4893-8207-44474CBF747F}.Release|x86.ActiveCfg = Release|Any CPU
		{127D16E8-4684-4893-8207-44474CBF747F}.Release|x86.Build.0 = Release|Any CPU
	EndGlobalSection
	GlobalSection(SolutionProperties) = preSolution
		HideSolutionNode = FALSE
	EndGlobalSection
	GlobalSection(NestedProjects) = preSolution
		{D6AC6B3A-39D6-4395-B27F-7F5AD4422208} = {827E0CD3-B72D-47B6-A68D-7590B98EB39B}
		{0CB0DAE4-AE76-4718-80BF-A9915DAB2593} = {827E0CD3-B72D-47B6-A68D-7590B98EB39B}
		{CB9FE0BB-A03C-4EA4-893E-E4D6346C4746} = {827E0CD3-B72D-47B6-A68D-7590B98EB39B}
		{726BC2D9-3BA1-4692-A729-AEF8FE3FDE4F} = {827E0CD3-B72D-47B6-A68D-7590B98EB39B}
		{EC447DCF-ABFA-6E24-52A5-D7FD48A5C558} = {827E0CD3-B72D-47B6-A68D-7590B98EB39B}
		{5A9B7E5B-18B6-44A1-A6F0-608141BD62D4} = {EC447DCF-ABFA-6E24-52A5-D7FD48A5C558}
		{758B8D96-A014-4E6E-A54A-0D5D65BB7EC2} = {EC447DCF-ABFA-6E24-52A5-D7FD48A5C558}
		{22335ABC-1A12-4D39-BE19-6A2F9CCD2DA6} = {EC447DCF-ABFA-6E24-52A5-D7FD48A5C558}
		{21A454BF-3A82-4235-BD11-A459B90E0E05} = {EC447DCF-ABFA-6E24-52A5-D7FD48A5C558}
		{D96F83AA-41A0-4A98-8438-DD2F39654B73} = {EC447DCF-ABFA-6E24-52A5-D7FD48A5C558}
		{72C50501-82E6-4F14-8A7B-33FA17C663C4} = {EC447DCF-ABFA-6E24-52A5-D7FD48A5C558}
		{920DA009-7A8C-4AA0-806E-BDB4630431F9} = {EC447DCF-ABFA-6E24-52A5-D7FD48A5C558}
		{F64F4C9B-FC1D-42FE-A1D3-04B1612EDE68} = {EC447DCF-ABFA-6E24-52A5-D7FD48A5C558}
		{8FF9950F-C1C6-4AB1-9471-DBC78C24CD3B} = {EC447DCF-ABFA-6E24-52A5-D7FD48A5C558}
		{47C22DC0-D039-4B3F-893B-AAC209819438} = {EC447DCF-ABFA-6E24-52A5-D7FD48A5C558}
		{37E4010F-0573-4ED9-A256-41A6B08B38C4} = {0AB3BF05-4346-4AA6-1389-037BE0695223}
		{B5C6807D-9F5F-4B90-A9E7-ABB310572216} = {0AB3BF05-4346-4AA6-1389-037BE0695223}
		{704F5590-A478-43B7-BB65-5322D73947CA} = {0AB3BF05-4346-4AA6-1389-037BE0695223}
		{16B29EA6-1C54-4076-9A71-D50EA4C2C267} = {0AB3BF05-4346-4AA6-1389-037BE0695223}
		{127D16E8-4684-4893-8207-44474CBF747F} = {0AB3BF05-4346-4AA6-1389-037BE0695223}
	EndGlobalSection
EndGlobal
